
Microsoft Visual Studio Solution File, Format Version 12.00
# Visual Studio Version 16
VisualStudioVersion = 16.0.29613.14
MinimumVisualStudioVersion = 10.0.40219.1
Project("{F2A71F9B-5D33-465A-A702-920D77279786}") = "ProblemSet1.1", "ProblemSet1.1.fsproj", "{0EEA951E-C011-4565-B050-29B17E9899B9}"
EndProject
Global
	GlobalSection(SolutionConfigurationPlatforms) = preSolution
		Debug|Any CPU = Debug|Any CPU
		Release|Any CPU = Release|Any CPU
	EndGlobalSection
	GlobalSection(ProjectConfigurationPlatforms) = postSolution
		{0EEA951E-C011-4565-B050-29B17E9899B9}.Debug|Any CPU.ActiveCfg = Debug|Any CPU
		{0EEA951E-C011-4565-B050-29B17E9899B9}.Debug|Any CPU.Build.0 = Debug|Any CPU
		{0EEA951E-C011-4565-B050-29B17E9899B9}.Release|Any CPU.ActiveCfg = Release|Any CPU
		{0EEA951E-C011-4565-B050-29B17E9899B9}.Release|Any CPU.Build.0 = Release|Any CPU
	EndGlobalSection
	GlobalSection(SolutionProperties) = preSolution
		HideSolutionNode = FALSE
	EndGlobalSection
	GlobalSection(ExtensibilityGlobals) = postSolution
		SolutionGuid = {DB2885A2-DEF8-497C-8B24-74B4DA2A0BEB}
	EndGlobalSection
EndGlobal
