
Microsoft Visual Studio Solution File, Format Version 12.00
# Visual Studio Version 16
VisualStudioVersion = 16.0.29613.14
MinimumVisualStudioVersion = 10.0.40219.1
Project("{F2A71F9B-5D33-465A-A702-920D77279786}") = "Foundations2", "Foundations2.fsproj", "{E42DDB7D-460D-4615-9433-CB63B7922583}"
EndProject
Global
	GlobalSection(SolutionConfigurationPlatforms) = preSolution
		Debug|Any CPU = Debug|Any CPU
		Release|Any CPU = Release|Any CPU
	EndGlobalSection
	GlobalSection(ProjectConfigurationPlatforms) = postSolution
		{E42DDB7D-460D-4615-9433-CB63B7922583}.Debug|Any CPU.ActiveCfg = Debug|Any CPU
		{E42DDB7D-460D-4615-9433-CB63B7922583}.Debug|Any CPU.Build.0 = Debug|Any CPU
		{E42DDB7D-460D-4615-9433-CB63B7922583}.Release|Any CPU.ActiveCfg = Release|Any CPU
		{E42DDB7D-460D-4615-9433-CB63B7922583}.Release|Any CPU.Build.0 = Release|Any CPU
	EndGlobalSection
	GlobalSection(SolutionProperties) = preSolution
		HideSolutionNode = FALSE
	EndGlobalSection
	GlobalSection(ExtensibilityGlobals) = postSolution
		SolutionGuid = {E8757CE4-94BB-4BDD-BF4F-C6A8F22AD1ED}
	EndGlobalSection
EndGlobal
